// !$*UTF8*$!
{
	archiveVersion = 1;
	classes = {
	};
	objectVersion = 46;
	objects = {

/* Begin PBXBuildFile section */
		01DDBA7C19D4B97F00E958E2 /* ClientExtension.h in Headers */ = {isa = PBXBuildFile; fileRef = 01DDBA7B19D4B97F00E958E2 /* ClientExtension.h */; };
		BFD1268B14EBB7D800042533 /* ClientExtension.m in Sources */ = {isa = PBXBuildFile; fileRef = BFD1268A14EBB7D800042533 /* ClientExtension.m */; };
		BFD1269F14EBB7D800042533 /* InfoPlist.strings in Resources */ = {isa = PBXBuildFile; fileRef = BFD1269D14EBB7D800042533 /* InfoPlist.strings */; };
		BFD126A214EBB7D800042533 /* ClientExtensionTests.m in Sources */ = {isa = PBXBuildFile; fileRef = BFD126A114EBB7D800042533 /* ClientExtensionTests.m */; };
		BFD126AC14EBB90700042533 /* FlashRuntimeExtensions.h in Headers */ = {isa = PBXBuildFile; fileRef = BFD126AB14EBB90700042533 /* FlashRuntimeExtensions.h */; };
/* End PBXBuildFile section */

/* Begin PBXContainerItemProxy section */
		BFD1269714EBB7D800042533 /* PBXContainerItemProxy */ = {
			isa = PBXContainerItemProxy;
			containerPortal = BFD1267814EBB7D700042533 /* Project object */;
			proxyType = 1;
			remoteGlobalIDString = BFD1268014EBB7D700042533;
			remoteInfo = ClientExtension;
		};
/* End PBXContainerItemProxy section */

/* Begin PBXFileReference section */
		01DDBA7B19D4B97F00E958E2 /* ClientExtension.h */ = {isa = PBXFileReference; fileEncoding = 4; lastKnownFileType = sourcecode.c.h; path = ClientExtension.h; sourceTree = "<group>"; };
		BFD1268114EBB7D700042533 /* libClientExtension.a */ = {isa = PBXFileReference; explicitFileType = archive.ar; includeInIndex = 0; path = libClientExtension.a; sourceTree = BUILT_PRODUCTS_DIR; };
		BFD1268414EBB7D800042533 /* Foundation.framework */ = {isa = PBXFileReference; lastKnownFileType = wrapper.framework; name = Foundation.framework; path = System/Library/Frameworks/Foundation.framework; sourceTree = SDKROOT; };
		BFD1268814EBB7D800042533 /* ClientExtension-Prefix.pch */ = {isa = PBXFileReference; lastKnownFileType = sourcecode.c.h; path = "ClientExtension-Prefix.pch"; sourceTree = "<group>"; };
		BFD1268A14EBB7D800042533 /* ClientExtension.m */ = {isa = PBXFileReference; lastKnownFileType = sourcecode.c.objc; path = ClientExtension.m; sourceTree = "<group>"; };
		BFD1269114EBB7D800042533 /* ClientExtensionTests.xctest */ = {isa = PBXFileReference; explicitFileType = wrapper.cfbundle; includeInIndex = 0; path = ClientExtensionTests.xctest; sourceTree = BUILT_PRODUCTS_DIR; };
		BFD1269C14EBB7D800042533 /* ClientExtensionTests-Info.plist */ = {isa = PBXFileReference; lastKnownFileType = text.plist.xml; path = "ClientExtensionTests-Info.plist"; sourceTree = "<group>"; };
		BFD1269E14EBB7D800042533 /* en */ = {isa = PBXFileReference; lastKnownFileType = text.plist.strings; name = en; path = en.lproj/InfoPlist.strings; sourceTree = "<group>"; };
		BFD126A014EBB7D800042533 /* ClientExtensionTests.h */ = {isa = PBXFileReference; lastKnownFileType = sourcecode.c.h; path = ClientExtensionTests.h; sourceTree = "<group>"; };
		BFD126A114EBB7D800042533 /* ClientExtensionTests.m */ = {isa = PBXFileReference; lastKnownFileType = sourcecode.c.objc; path = ClientExtensionTests.m; sourceTree = "<group>"; };
		BFD126AB14EBB90700042533 /* FlashRuntimeExtensions.h */ = {isa = PBXFileReference; fileEncoding = 4; lastKnownFileType = sourcecode.c.h; path = FlashRuntimeExtensions.h; sourceTree = "<group>"; };
/* End PBXFileReference section */

/* Begin PBXFrameworksBuildPhase section */
		BFD1267E14EBB7D700042533 /* Frameworks */ = {
			isa = PBXFrameworksBuildPhase;
			buildActionMask = 2147483647;
			files = (
			);
			runOnlyForDeploymentPostprocessing = 0;
		};
		BFD1268D14EBB7D800042533 /* Frameworks */ = {
			isa = PBXFrameworksBuildPhase;
			buildActionMask = 2147483647;
			files = (
			);
			runOnlyForDeploymentPostprocessing = 0;
		};
/* End PBXFrameworksBuildPhase section */

/* Begin PBXGroup section */
		BFD1267614EBB7D700042533 = {
			isa = PBXGroup;
			children = (
				BFD1268614EBB7D800042533 /* ClientExtension */,
				BFD1269A14EBB7D800042533 /* ClientExtensionTests */,
				BFD1268314EBB7D800042533 /* Frameworks */,
				BFD1268214EBB7D700042533 /* Products */,
			);
			sourceTree = "<group>";
		};
		BFD1268214EBB7D700042533 /* Products */ = {
			isa = PBXGroup;
			children = (
				BFD1268114EBB7D700042533 /* libClientExtension.a */,
				BFD1269114EBB7D800042533 /* ClientExtensionTests.xctest */,
			);
			name = Products;
			sourceTree = "<group>";
		};
		BFD1268314EBB7D800042533 /* Frameworks */ = {
			isa = PBXGroup;
			children = (
				BFD1268414EBB7D800042533 /* Foundation.framework */,
			);
			name = Frameworks;
			sourceTree = "<group>";
		};
		BFD1268614EBB7D800042533 /* ClientExtension */ = {
			isa = PBXGroup;
			children = (
				01DDBA7B19D4B97F00E958E2 /* ClientExtension.h */,
				BFD126AB14EBB90700042533 /* FlashRuntimeExtensions.h */,
				BFD1268A14EBB7D800042533 /* ClientExtension.m */,
				BFD1268714EBB7D800042533 /* Supporting Files */,
			);
			path = ClientExtension;
			sourceTree = "<group>";
		};
		BFD1268714EBB7D800042533 /* Supporting Files */ = {
			isa = PBXGroup;
			children = (
				BFD1268814EBB7D800042533 /* ClientExtension-Prefix.pch */,
			);
			name = "Supporting Files";
			sourceTree = "<group>";
		};
		BFD1269A14EBB7D800042533 /* ClientExtensionTests */ = {
			isa = PBXGroup;
			children = (
				BFD126A014EBB7D800042533 /* ClientExtensionTests.h */,
				BFD126A114EBB7D800042533 /* ClientExtensionTests.m */,
				BFD1269B14EBB7D800042533 /* Supporting Files */,
			);
			path = ClientExtensionTests;
			sourceTree = "<group>";
		};
		BFD1269B14EBB7D800042533 /* Supporting Files */ = {
			isa = PBXGroup;
			children = (
				BFD1269C14EBB7D800042533 /* ClientExtensionTests-Info.plist */,
				BFD1269D14EBB7D800042533 /* InfoPlist.strings */,
			);
			name = "Supporting Files";
			sourceTree = "<group>";
		};
/* End PBXGroup section */

/* Begin PBXHeadersBuildPhase section */
		BFD1267F14EBB7D700042533 /* Headers */ = {
			isa = PBXHeadersBuildPhase;
			buildActionMask = 2147483647;
			files = (
				BFD126AC14EBB90700042533 /* FlashRuntimeExtensions.h in Headers */,
				01DDBA7C19D4B97F00E958E2 /* ClientExtension.h in Headers */,
			);
			runOnlyForDeploymentPostprocessing = 0;
		};
/* End PBXHeadersBuildPhase section */

/* Begin PBXNativeTarget section */
		BFD1268014EBB7D700042533 /* ClientExtension */ = {
			isa = PBXNativeTarget;
			buildConfigurationList = BFD126A514EBB7D800042533 /* Build configuration list for PBXNativeTarget "ClientExtension" */;
			buildPhases = (
				BFD1267D14EBB7D700042533 /* Sources */,
				BFD1267E14EBB7D700042533 /* Frameworks */,
				BFD1267F14EBB7D700042533 /* Headers */,
			);
			buildRules = (
			);
			dependencies = (
			);
			name = ClientExtension;
			productName = ClientExtension;
			productReference = BFD1268114EBB7D700042533 /* libClientExtension.a */;
			productType = "com.apple.product-type.library.static";
		};
		BFD1269014EBB7D800042533 /* ClientExtensionTests */ = {
			isa = PBXNativeTarget;
			buildConfigurationList = BFD126A814EBB7D800042533 /* Build configuration list for PBXNativeTarget "ClientExtensionTests" */;
			buildPhases = (
				BFD1268C14EBB7D800042533 /* Sources */,
				BFD1268D14EBB7D800042533 /* Frameworks */,
				BFD1268E14EBB7D800042533 /* Resources */,
				BFD1268F14EBB7D800042533 /* ShellScript */,
			);
			buildRules = (
			);
			dependencies = (
				BFD1269814EBB7D800042533 /* PBXTargetDependency */,
			);
			name = ClientExtensionTests;
			productName = ClientExtensionTests;
			productReference = BFD1269114EBB7D800042533 /* ClientExtensionTests.xctest */;
			productType = "com.apple.product-type.bundle.unit-test";
		};
/* End PBXNativeTarget section */

/* Begin PBXProject section */
		BFD1267814EBB7D700042533 /* Project object */ = {
			isa = PBXProject;
			attributes = {
				LastUpgradeCheck = 0600;
				ORGANIZATIONNAME = docmet;
			};
			buildConfigurationList = BFD1267B14EBB7D700042533 /* Build configuration list for PBXProject "ClientExtension" */;
			compatibilityVersion = "Xcode 3.2";
			developmentRegion = English;
			hasScannedForEncodings = 0;
			knownRegions = (
				en,
			);
			mainGroup = BFD1267614EBB7D700042533;
			productRefGroup = BFD1268214EBB7D700042533 /* Products */;
			projectDirPath = "";
			projectRoot = "";
			targets = (
				BFD1268014EBB7D700042533 /* ClientExtension */,
				BFD1269014EBB7D800042533 /* ClientExtensionTests */,
			);
		};
/* End PBXProject section */

/* Begin PBXResourcesBuildPhase section */
		BFD1268E14EBB7D800042533 /* Resources */ = {
			isa = PBXResourcesBuildPhase;
			buildActionMask = 2147483647;
			files = (
				BFD1269F14EBB7D800042533 /* InfoPlist.strings in Resources */,
			);
			runOnlyForDeploymentPostprocessing = 0;
		};
/* End PBXResourcesBuildPhase section */

/* Begin PBXShellScriptBuildPhase section */
		BFD1268F14EBB7D800042533 /* ShellScript */ = {
			isa = PBXShellScriptBuildPhase;
			buildActionMask = 2147483647;
			files = (
			);
			inputPaths = (
			);
			outputPaths = (
			);
			runOnlyForDeploymentPostprocessing = 0;
			shellPath = /bin/sh;
			shellScript = "# Run the unit tests in this test bundle.\n\"${SYSTEM_DEVELOPER_DIR}/Tools/RunUnitTests\"\n";
		};
/* End PBXShellScriptBuildPhase section */

/* Begin PBXSourcesBuildPhase section */
		BFD1267D14EBB7D700042533 /* Sources */ = {
			isa = PBXSourcesBuildPhase;
			buildActionMask = 2147483647;
			files = (
				BFD1268B14EBB7D800042533 /* ClientExtension.m in Sources */,
			);
			runOnlyForDeploymentPostprocessing = 0;
		};
		BFD1268C14EBB7D800042533 /* Sources */ = {
			isa = PBXSourcesBuildPhase;
			buildActionMask = 2147483647;
			files = (
				BFD126A214EBB7D800042533 /* ClientExtensionTests.m in Sources */,
			);
			runOnlyForDeploymentPostprocessing = 0;
		};
/* End PBXSourcesBuildPhase section */

/* Begin PBXTargetDependency section */
		BFD1269814EBB7D800042533 /* PBXTargetDependency */ = {
			isa = PBXTargetDependency;
			target = BFD1268014EBB7D700042533 /* ClientExtension */;
			targetProxy = BFD1269714EBB7D800042533 /* PBXContainerItemProxy */;
		};
/* End PBXTargetDependency section */

/* Begin PBXVariantGroup section */
		BFD1269D14EBB7D800042533 /* InfoPlist.strings */ = {
			isa = PBXVariantGroup;
			children = (
				BFD1269E14EBB7D800042533 /* en */,
			);
			name = InfoPlist.strings;
			sourceTree = "<group>";
		};
/* End PBXVariantGroup section */

/* Begin XCBuildConfiguration section */
		BFD126A314EBB7D800042533 /* Debug */ = {
			isa = XCBuildConfiguration;
			buildSettings = {
				ALWAYS_SEARCH_USER_PATHS = NO;
				CLANG_ENABLE_OBJC_ARC = YES;
				CLANG_WARN_BOOL_CONVERSION = YES;
				CLANG_WARN_CONSTANT_CONVERSION = YES;
				CLANG_WARN_EMPTY_BODY = YES;
				CLANG_WARN_ENUM_CONVERSION = YES;
				CLANG_WARN_INT_CONVERSION = YES;
				CLANG_WARN_UNREACHABLE_CODE = YES;
				CLANG_WARN__DUPLICATE_METHOD_MATCH = YES;
				COPY_PHASE_STRIP = NO;
				ENABLE_STRICT_OBJC_MSGSEND = YES;
				GCC_C_LANGUAGE_STANDARD = gnu99;
				GCC_DYNAMIC_NO_PIC = NO;
				GCC_OPTIMIZATION_LEVEL = 0;
				GCC_PREPROCESSOR_DEFINITIONS = (
					"DEBUG=1",
					"$(inherited)",
				);
				GCC_SYMBOLS_PRIVATE_EXTERN = NO;
				GCC_VERSION = com.apple.compilers.llvm.clang.1_0;
				GCC_WARN_64_TO_32_BIT_CONVERSION = YES;
				GCC_WARN_ABOUT_MISSING_PROTOTYPES = YES;
				GCC_WARN_ABOUT_RETURN_TYPE = YES;
				GCC_WARN_UNDECLARED_SELECTOR = YES;
				GCC_WARN_UNINITIALIZED_AUTOS = YES;
				GCC_WARN_UNUSED_FUNCTION = YES;
				GCC_WARN_UNUSED_VARIABLE = YES;
				IPHONEOS_DEPLOYMENT_TARGET = 5.0;
				ONLY_ACTIVE_ARCH = YES;
				SDKROOT = iphoneos;
			};
			name = Debug;
		};
		BFD126A414EBB7D800042533 /* Release */ = {
			isa = XCBuildConfiguration;
			buildSettings = {
				ALWAYS_SEARCH_USER_PATHS = NO;
				CLANG_ENABLE_OBJC_ARC = YES;
				CLANG_WARN_BOOL_CONVERSION = YES;
				CLANG_WARN_CONSTANT_CONVERSION = YES;
				CLANG_WARN_EMPTY_BODY = YES;
				CLANG_WARN_ENUM_CONVERSION = YES;
				CLANG_WARN_INT_CONVERSION = YES;
				CLANG_WARN_UNREACHABLE_CODE = YES;
				CLANG_WARN__DUPLICATE_METHOD_MATCH = YES;
				COPY_PHASE_STRIP = YES;
				ENABLE_STRICT_OBJC_MSGSEND = YES;
				GCC_C_LANGUAGE_STANDARD = gnu99;
				GCC_VERSION = com.apple.compilers.llvm.clang.1_0;
				GCC_WARN_64_TO_32_BIT_CONVERSION = YES;
				GCC_WARN_ABOUT_MISSING_PROTOTYPES = YES;
				GCC_WARN_ABOUT_RETURN_TYPE = YES;
				GCC_WARN_UNDECLARED_SELECTOR = YES;
				GCC_WARN_UNINITIALIZED_AUTOS = YES;
				GCC_WARN_UNUSED_FUNCTION = YES;
				GCC_WARN_UNUSED_VARIABLE = YES;
				IPHONEOS_DEPLOYMENT_TARGET = 5.0;
				ONLY_ACTIVE_ARCH = NO;
				SDKROOT = iphoneos;
				VALIDATE_PRODUCT = YES;
			};
			name = Release;
		};
		BFD126A614EBB7D800042533 /* Debug */ = {
			isa = XCBuildConfiguration;
			buildSettings = {
				CLANG_ENABLE_OBJC_ARC = NO;
				CONFIGURATION_BUILD_DIR = ../cached;
				CONFIGURATION_TEMP_DIR = build;
				DSTROOT = /tmp/ClientExtension.dst;
				GCC_LINK_WITH_DYNAMIC_LIBRARIES = YES;
				GCC_PRECOMPILE_PREFIX_HEADER = YES;
				GCC_PREFIX_HEADER = "ClientExtension/ClientExtension-Prefix.pch";
				GCC_VERSION = "";
				IPHONEOS_DEPLOYMENT_TARGET = 4.0;
				LIBRARY_SEARCH_PATHS = "$(inherited)";
				LINK_WITH_STANDARD_LIBRARIES = NO;
				ONLY_ACTIVE_ARCH = NO;
				OTHER_LDFLAGS = "";
				PRODUCT_NAME = "$(TARGET_NAME)";
				RUN_CLANG_STATIC_ANALYZER = YES;
				SKIP_INSTALL = YES;
			};
			name = Debug;
		};
		BFD126A714EBB7D800042533 /* Release */ = {
			isa = XCBuildConfiguration;
			buildSettings = {
				CLANG_ENABLE_OBJC_ARC = NO;
				CONFIGURATION_BUILD_DIR = ../cached;
				CONFIGURATION_TEMP_DIR = build;
				DSTROOT = /tmp/ClientExtension.dst;
				GCC_LINK_WITH_DYNAMIC_LIBRARIES = YES;
				GCC_PRECOMPILE_PREFIX_HEADER = YES;
				GCC_PREFIX_HEADER = "ClientExtension/ClientExtension-Prefix.pch";
				GCC_VERSION = "";
				IPHONEOS_DEPLOYMENT_TARGET = 4.0;
				LIBRARY_SEARCH_PATHS = "$(inherited)";
				LINK_WITH_STANDARD_LIBRARIES = NO;
				OTHER_LDFLAGS = "";
				PRODUCT_NAME = "$(TARGET_NAME)";
				RUN_CLANG_STATIC_ANALYZER = YES;
				SKIP_INSTALL = YES;
			};
			name = Release;
		};
		BFD126A914EBB7D800042533 /* Debug */ = {
			isa = XCBuildConfiguration;
			buildSettings = {
				FRAMEWORK_SEARCH_PATHS = (
					"$(SDKROOT)/Developer/Library/Frameworks",
					"$(inherited)",
				);
				GCC_PRECOMPILE_PREFIX_HEADER = YES;
				GCC_PREFIX_HEADER = "ClientExtension/ClientExtension-Prefix.pch";
				INFOPLIST_FILE = "ClientExtensionTests/ClientExtensionTests-Info.plist";
				PRODUCT_NAME = "$(TARGET_NAME)";
			};
			name = Debug;
		};
		BFD126AA14EBB7D800042533 /* Release */ = {
			isa = XCBuildConfiguration;
			buildSettings = {
				FRAMEWORK_SEARCH_PATHS = (
					"$(SDKROOT)/Developer/Library/Frameworks",
					"$(inherited)",
				);
				GCC_PRECOMPILE_PREFIX_HEADER = YES;
				GCC_PREFIX_HEADER = "ClientExtension/ClientExtension-Prefix.pch";
				INFOPLIST_FILE = "ClientExtensionTests/ClientExtensionTests-Info.plist";
				PRODUCT_NAME = "$(TARGET_NAME)";
			};
			name = Release;
		};
/* End XCBuildConfiguration section */

/* Begin XCConfigurationList section */
		BFD1267B14EBB7D700042533 /* Build configuration list for PBXProject "ClientExtension" */ = {
			isa = XCConfigurationList;
			buildConfigurations = (
				BFD126A314EBB7D800042533 /* Debug */,
				BFD126A414EBB7D800042533 /* Release */,
			);
			defaultConfigurationIsVisible = 0;
			defaultConfigurationName = Release;
		};
		BFD126A514EBB7D800042533 /* Build configuration list for PBXNativeTarget "ClientExtension" */ = {
			isa = XCConfigurationList;
			buildConfigurations = (
				BFD126A614EBB7D800042533 /* Debug */,
				BFD126A714EBB7D800042533 /* Release */,
			);
			defaultConfigurationIsVisible = 0;
			defaultConfigurationName = Release;
		};
		BFD126A814EBB7D800042533 /* Build configuration list for PBXNativeTarget "ClientExtensionTests" */ = {
			isa = XCConfigurationList;
			buildConfigurations = (
				BFD126A914EBB7D800042533 /* Debug */,
				BFD126AA14EBB7D800042533 /* Release */,
			);
			defaultConfigurationIsVisible = 0;
			defaultConfigurationName = Release;
		};
/* End XCConfigurationList section */
	};
	rootObject = BFD1267814EBB7D700042533 /* Project object */;
}
